// !$*UTF8*$!
{
	archiveVersion = 1;
	classes = {
	};
	objectVersion = 50;
	objects = {

/* Begin PBXBuildFile section */
		67000E8A25D6936500616BDC /* Localizable.strings in Resources */ = {isa = PBXBuildFile; fileRef = 67000E8825D6936500616BDC /* Localizable.strings */; };
		67071FED26066477005028C3 /* PasswordViewController.swift in Sources */ = {isa = PBXBuildFile; fileRef = 67071FEC26066477005028C3 /* PasswordViewController.swift */; };
		67071FEF260666A2005028C3 /* PasswordValidation.swift in Sources */ = {isa = PBXBuildFile; fileRef = 67071FEE260666A2005028C3 /* PasswordValidation.swift */; };
		67071FF126068D65005028C3 /* UsernameValidation.swift in Sources */ = {isa = PBXBuildFile; fileRef = 67071FF026068D65005028C3 /* UsernameValidation.swift */; };
		67071FF5260697D4005028C3 /* Cons.swift in Sources */ = {isa = PBXBuildFile; fileRef = 67071FF4260697D4005028C3 /* Cons.swift */; };
		67071FF7260699FA005028C3 /* SignupService.swift in Sources */ = {isa = PBXBuildFile; fileRef = 67071FF6260699FA005028C3 /* SignupService.swift */; };
		67071FF92606A175005028C3 /* SignupResponseEnum.swift in Sources */ = {isa = PBXBuildFile; fileRef = 67071FF82606A175005028C3 /* SignupResponseEnum.swift */; };
		67152B1A25E2CB53002C78CD /* Storage.swift in Sources */ = {isa = PBXBuildFile; fileRef = 67152B1925E2CB53002C78CD /* Storage.swift */; };
		67152B1C25E2CDE1002C78CD /* Token.swift in Sources */ = {isa = PBXBuildFile; fileRef = 67152B1B25E2CDE1002C78CD /* Token.swift */; };
		67152B2025E2CF9C002C78CD /* TokenViewModel.swift in Sources */ = {isa = PBXBuildFile; fileRef = 67152B1F25E2CF9C002C78CD /* TokenViewModel.swift */; };
		67169A1825D573B600D2F340 /* SigninViewController.swift in Sources */ = {isa = PBXBuildFile; fileRef = 67169A1725D573B600D2F340 /* SigninViewController.swift */; };
		67169A2E25D5934100D2F340 /* Toast.swift in Sources */ = {isa = PBXBuildFile; fileRef = 67169A2D25D5934100D2F340 /* Toast.swift */; };
		67169A3025D59A1200D2F340 /* EmailValidation.swift in Sources */ = {isa = PBXBuildFile; fileRef = 67169A2F25D59A1200D2F340 /* EmailValidation.swift */; };
		671777FE2601457F00F7B8D0 /* FacultyViewController.swift in Sources */ = {isa = PBXBuildFile; fileRef = 671777FD2601457F00F7B8D0 /* FacultyViewController.swift */; };
		6717780226014CD900F7B8D0 /* UniversityViewController.swift in Sources */ = {isa = PBXBuildFile; fileRef = 6717780126014CD900F7B8D0 /* UniversityViewController.swift */; };
		671BBC7C25FBF50D00608501 /* Signup.swift in Sources */ = {isa = PBXBuildFile; fileRef = 671BBC7B25FBF50D00608501 /* Signup.swift */; };
		67207F8125FBA0D600BC812B /* Academic.swift in Sources */ = {isa = PBXBuildFile; fileRef = 67207F8025FBA0D600BC812B /* Academic.swift */; };
		67207F8525FBA21800BC812B /* AcademicViewModel.swift in Sources */ = {isa = PBXBuildFile; fileRef = 67207F8425FBA21800BC812B /* AcademicViewModel.swift */; };
		67207F8925FBB15600BC812B /* CityViewController.swift in Sources */ = {isa = PBXBuildFile; fileRef = 67207F8825FBB15600BC812B /* CityViewController.swift */; };
		6721B73D25E859ED0063DB97 /* SigninTests.swift in Sources */ = {isa = PBXBuildFile; fileRef = 6721B73C25E859ED0063DB97 /* SigninTests.swift */; };
		67248BF625F909E30095F5AD /* ApiURL.swift in Sources */ = {isa = PBXBuildFile; fileRef = 67248BF525F909E30095F5AD /* ApiURL.swift */; };
		673031DC25FC2B5900978CE4 /* SignupViewModel.swift in Sources */ = {isa = PBXBuildFile; fileRef = 673031DB25FC2B5900978CE4 /* SignupViewModel.swift */; };
		6733398E25E6CF0F002485DD /* Spinner.swift in Sources */ = {isa = PBXBuildFile; fileRef = 6733398D25E6CF0F002485DD /* Spinner.swift */; };
		673AFCF725F7A2D600995DE1 /* Signin.swift in Sources */ = {isa = PBXBuildFile; fileRef = 673AFCF625F7A2D600995DE1 /* Signin.swift */; };
		673AFCF925F7A31900995DE1 /* SigninViewModel.swift in Sources */ = {isa = PBXBuildFile; fileRef = 673AFCF825F7A31900995DE1 /* SigninViewModel.swift */; };
		673AFD0425F7AA9A00995DE1 /* ApiManager.swift in Sources */ = {isa = PBXBuildFile; fileRef = 673AFD0325F7AA9A00995DE1 /* ApiManager.swift */; };
		674E205C260CFA56005D6239 /* AuthServiceKeys.swift in Sources */ = {isa = PBXBuildFile; fileRef = 674E205B260CFA56005D6239 /* AuthServiceKeys.swift */; };
		674E205E260D044F005D6239 /* AuthService.swift in Sources */ = {isa = PBXBuildFile; fileRef = 674E205D260D044F005D6239 /* AuthService.swift */; };
		674E2060260D056C005D6239 /* AuthViewModel.swift in Sources */ = {isa = PBXBuildFile; fileRef = 674E205F260D056C005D6239 /* AuthViewModel.swift */; };
		678D1E5725D437B3001F62DC /* AppDelegate.swift in Sources */ = {isa = PBXBuildFile; fileRef = 678D1E5625D437B3001F62DC /* AppDelegate.swift */; };
		678D1E5925D437B3001F62DC /* ViewController.swift in Sources */ = {isa = PBXBuildFile; fileRef = 678D1E5825D437B3001F62DC /* ViewController.swift */; };
		678D1E5C25D437B3001F62DC /* Main.storyboard in Resources */ = {isa = PBXBuildFile; fileRef = 678D1E5A25D437B3001F62DC /* Main.storyboard */; };
		678D1E5E25D437B4001F62DC /* Assets.xcassets in Resources */ = {isa = PBXBuildFile; fileRef = 678D1E5D25D437B4001F62DC /* Assets.xcassets */; };
		678D1E6125D437B4001F62DC /* LaunchScreen.storyboard in Resources */ = {isa = PBXBuildFile; fileRef = 678D1E5F25D437B4001F62DC /* LaunchScreen.storyboard */; };
		678F5B2025DE8B2C003AEEF3 /* Log.swift in Sources */ = {isa = PBXBuildFile; fileRef = 678F5B1F25DE8B2C003AEEF3 /* Log.swift */; };
		67DF1AC22602B78B0045816A /* DepartmentViewController.swift in Sources */ = {isa = PBXBuildFile; fileRef = 67DF1AC12602B78B0045816A /* DepartmentViewController.swift */; };
		67DF1AC42602C32C0045816A /* CreateUserViewController.swift in Sources */ = {isa = PBXBuildFile; fileRef = 67DF1AC32602C32C0045816A /* CreateUserViewController.swift */; };
		67EFECDC26077A6000D2AEA1 /* Pros.swift in Sources */ = {isa = PBXBuildFile; fileRef = 67EFECDB26077A6000D2AEA1 /* Pros.swift */; };
		67F084E326094C22000D0793 /* StorageKeys.swift in Sources */ = {isa = PBXBuildFile; fileRef = 67F084E226094C22000D0793 /* StorageKeys.swift */; };
		67F084E726095AB8000D0793 /* SegueKeys.swift in Sources */ = {isa = PBXBuildFile; fileRef = 67F084E626095AB8000D0793 /* SegueKeys.swift */; };
		67F8397C25DDA15C00BE6EB8 /* HomeViewController.swift in Sources */ = {isa = PBXBuildFile; fileRef = 67F8397B25DDA15C00BE6EB8 /* HomeViewController.swift */; };
		A8BDE22FC7803FD4645B8767 /* Pods_KampusChat.framework in Frameworks */ = {isa = PBXBuildFile; fileRef = 844EDEE1EF9D123B23AE4FAD /* Pods_KampusChat.framework */; };
/* End PBXBuildFile section */

/* Begin PBXContainerItemProxy section */
		6721B73F25E859ED0063DB97 /* PBXContainerItemProxy */ = {
			isa = PBXContainerItemProxy;
			containerPortal = 678D1E4B25D437B3001F62DC /* Project object */;
			proxyType = 1;
			remoteGlobalIDString = 678D1E5225D437B3001F62DC;
			remoteInfo = KampusChat;
		};
		678F9B6F25E81CB200F06A43 /* PBXContainerItemProxy */ = {
			isa = PBXContainerItemProxy;
			containerPortal = 678D1E4B25D437B3001F62DC /* Project object */;
			proxyType = 1;
			remoteGlobalIDString = 678D1E5225D437B3001F62DC;
			remoteInfo = KampusChat;
		};
/* End PBXContainerItemProxy section */

/* Begin PBXFileReference section */
		2F931421364A89B9E21AC864 /* Pods-KampusChat.debug.xcconfig */ = {isa = PBXFileReference; includeInIndex = 1; lastKnownFileType = text.xcconfig; name = "Pods-KampusChat.debug.xcconfig"; path = "Target Support Files/Pods-KampusChat/Pods-KampusChat.debug.xcconfig"; sourceTree = "<group>"; };
		4DB87F055FBCA42ACF374C1F /* Pods-KampusChat.release.xcconfig */ = {isa = PBXFileReference; includeInIndex = 1; lastKnownFileType = text.xcconfig; name = "Pods-KampusChat.release.xcconfig"; path = "Target Support Files/Pods-KampusChat/Pods-KampusChat.release.xcconfig"; sourceTree = "<group>"; };
		67000E8925D6936500616BDC /* Base */ = {isa = PBXFileReference; lastKnownFileType = text.plist.strings; name = Base; path = Base.lproj/Localizable.strings; sourceTree = "<group>"; };
		67000E8B25D6938D00616BDC /* tr */ = {isa = PBXFileReference; lastKnownFileType = text.plist.strings; name = tr; path = tr.lproj/Localizable.strings; sourceTree = "<group>"; };
		67071FEC26066477005028C3 /* PasswordViewController.swift */ = {isa = PBXFileReference; lastKnownFileType = sourcecode.swift; path = PasswordViewController.swift; sourceTree = "<group>"; };
		67071FEE260666A2005028C3 /* PasswordValidation.swift */ = {isa = PBXFileReference; lastKnownFileType = sourcecode.swift; path = PasswordValidation.swift; sourceTree = "<group>"; };
		67071FF026068D65005028C3 /* UsernameValidation.swift */ = {isa = PBXFileReference; lastKnownFileType = sourcecode.swift; path = UsernameValidation.swift; sourceTree = "<group>"; };
		67071FF4260697D4005028C3 /* Cons.swift */ = {isa = PBXFileReference; lastKnownFileType = sourcecode.swift; path = Cons.swift; sourceTree = "<group>"; };
		67071FF6260699FA005028C3 /* SignupService.swift */ = {isa = PBXFileReference; lastKnownFileType = sourcecode.swift; path = SignupService.swift; sourceTree = "<group>"; };
		67071FF82606A175005028C3 /* SignupResponseEnum.swift */ = {isa = PBXFileReference; lastKnownFileType = sourcecode.swift; path = SignupResponseEnum.swift; sourceTree = "<group>"; };
		67152B1925E2CB53002C78CD /* Storage.swift */ = {isa = PBXFileReference; lastKnownFileType = sourcecode.swift; path = Storage.swift; sourceTree = "<group>"; };
		67152B1B25E2CDE1002C78CD /* Token.swift */ = {isa = PBXFileReference; lastKnownFileType = sourcecode.swift; path = Token.swift; sourceTree = "<group>"; };
		67152B1F25E2CF9C002C78CD /* TokenViewModel.swift */ = {isa = PBXFileReference; lastKnownFileType = sourcecode.swift; path = TokenViewModel.swift; sourceTree = "<group>"; };
		67169A1725D573B600D2F340 /* SigninViewController.swift */ = {isa = PBXFileReference; lastKnownFileType = sourcecode.swift; path = SigninViewController.swift; sourceTree = "<group>"; };
		67169A2325D5863B00D2F340 /* tr */ = {isa = PBXFileReference; lastKnownFileType = text.plist.strings; name = tr; path = tr.lproj/Main.strings; sourceTree = "<group>"; };
		67169A2D25D5934100D2F340 /* Toast.swift */ = {isa = PBXFileReference; lastKnownFileType = sourcecode.swift; path = Toast.swift; sourceTree = "<group>"; };
		67169A2F25D59A1200D2F340 /* EmailValidation.swift */ = {isa = PBXFileReference; lastKnownFileType = sourcecode.swift; path = EmailValidation.swift; sourceTree = "<group>"; };
		671777FD2601457F00F7B8D0 /* FacultyViewController.swift */ = {isa = PBXFileReference; lastKnownFileType = sourcecode.swift; path = FacultyViewController.swift; sourceTree = "<group>"; };
		6717780126014CD900F7B8D0 /* UniversityViewController.swift */ = {isa = PBXFileReference; lastKnownFileType = sourcecode.swift; path = UniversityViewController.swift; sourceTree = "<group>"; };
		671BBC7B25FBF50D00608501 /* Signup.swift */ = {isa = PBXFileReference; lastKnownFileType = sourcecode.swift; path = Signup.swift; sourceTree = "<group>"; };
		67207F8025FBA0D600BC812B /* Academic.swift */ = {isa = PBXFileReference; lastKnownFileType = sourcecode.swift; path = Academic.swift; sourceTree = "<group>"; };
		67207F8425FBA21800BC812B /* AcademicViewModel.swift */ = {isa = PBXFileReference; lastKnownFileType = sourcecode.swift; path = AcademicViewModel.swift; sourceTree = "<group>"; };
		67207F8825FBB15600BC812B /* CityViewController.swift */ = {isa = PBXFileReference; lastKnownFileType = sourcecode.swift; path = CityViewController.swift; sourceTree = "<group>"; };
		6721B73A25E859ED0063DB97 /* SigninTests.xctest */ = {isa = PBXFileReference; explicitFileType = wrapper.cfbundle; includeInIndex = 0; path = SigninTests.xctest; sourceTree = BUILT_PRODUCTS_DIR; };
		6721B73C25E859ED0063DB97 /* SigninTests.swift */ = {isa = PBXFileReference; lastKnownFileType = sourcecode.swift; path = SigninTests.swift; sourceTree = "<group>"; };
		6721B73E25E859ED0063DB97 /* Info.plist */ = {isa = PBXFileReference; lastKnownFileType = text.plist.xml; path = Info.plist; sourceTree = "<group>"; };
		67248BF525F909E30095F5AD /* ApiURL.swift */ = {isa = PBXFileReference; lastKnownFileType = sourcecode.swift; path = ApiURL.swift; sourceTree = "<group>"; };
		673031DB25FC2B5900978CE4 /* SignupViewModel.swift */ = {isa = PBXFileReference; lastKnownFileType = sourcecode.swift; path = SignupViewModel.swift; sourceTree = "<group>"; };
		6733398D25E6CF0F002485DD /* Spinner.swift */ = {isa = PBXFileReference; lastKnownFileType = sourcecode.swift; path = Spinner.swift; sourceTree = "<group>"; };
		673AFCF625F7A2D600995DE1 /* Signin.swift */ = {isa = PBXFileReference; lastKnownFileType = sourcecode.swift; path = Signin.swift; sourceTree = "<group>"; };
		673AFCF825F7A31900995DE1 /* SigninViewModel.swift */ = {isa = PBXFileReference; lastKnownFileType = sourcecode.swift; path = SigninViewModel.swift; sourceTree = "<group>"; };
		673AFD0325F7AA9A00995DE1 /* ApiManager.swift */ = {isa = PBXFileReference; lastKnownFileType = sourcecode.swift; path = ApiManager.swift; sourceTree = "<group>"; };
		674E205B260CFA56005D6239 /* AuthServiceKeys.swift */ = {isa = PBXFileReference; lastKnownFileType = sourcecode.swift; path = AuthServiceKeys.swift; sourceTree = "<group>"; };
		674E205D260D044F005D6239 /* AuthService.swift */ = {isa = PBXFileReference; lastKnownFileType = sourcecode.swift; path = AuthService.swift; sourceTree = "<group>"; };
		674E205F260D056C005D6239 /* AuthViewModel.swift */ = {isa = PBXFileReference; lastKnownFileType = sourcecode.swift; path = AuthViewModel.swift; sourceTree = "<group>"; };
		678D1E5325D437B3001F62DC /* KampusChat.app */ = {isa = PBXFileReference; explicitFileType = wrapper.application; includeInIndex = 0; path = KampusChat.app; sourceTree = BUILT_PRODUCTS_DIR; };
		678D1E5625D437B3001F62DC /* AppDelegate.swift */ = {isa = PBXFileReference; lastKnownFileType = sourcecode.swift; path = AppDelegate.swift; sourceTree = "<group>"; };
		678D1E5825D437B3001F62DC /* ViewController.swift */ = {isa = PBXFileReference; lastKnownFileType = sourcecode.swift; path = ViewController.swift; sourceTree = "<group>"; };
		678D1E5B25D437B3001F62DC /* Base */ = {isa = PBXFileReference; lastKnownFileType = file.storyboard; name = Base; path = Base.lproj/Main.storyboard; sourceTree = "<group>"; };
		678D1E5D25D437B4001F62DC /* Assets.xcassets */ = {isa = PBXFileReference; lastKnownFileType = folder.assetcatalog; path = Assets.xcassets; sourceTree = "<group>"; };
		678D1E6025D437B4001F62DC /* Base */ = {isa = PBXFileReference; lastKnownFileType = file.storyboard; name = Base; path = Base.lproj/LaunchScreen.storyboard; sourceTree = "<group>"; };
		678D1E6225D437B4001F62DC /* Info.plist */ = {isa = PBXFileReference; lastKnownFileType = text.plist.xml; path = Info.plist; sourceTree = "<group>"; };
		678D1E8F25D44C61001F62DC /* tr */ = {isa = PBXFileReference; lastKnownFileType = text.plist.strings; name = tr; path = tr.lproj/LaunchScreen.strings; sourceTree = "<group>"; };
		678F5B1F25DE8B2C003AEEF3 /* Log.swift */ = {isa = PBXFileReference; lastKnownFileType = sourcecode.swift; path = Log.swift; sourceTree = "<group>"; };
		678F9B6A25E81CB200F06A43 /* SplashScreenTests.xctest */ = {isa = PBXFileReference; explicitFileType = wrapper.cfbundle; includeInIndex = 0; path = SplashScreenTests.xctest; sourceTree = BUILT_PRODUCTS_DIR; };
		67DF1AC12602B78B0045816A /* DepartmentViewController.swift */ = {isa = PBXFileReference; lastKnownFileType = sourcecode.swift; path = DepartmentViewController.swift; sourceTree = "<group>"; };
		67DF1AC32602C32C0045816A /* CreateUserViewController.swift */ = {isa = PBXFileReference; lastKnownFileType = sourcecode.swift; path = CreateUserViewController.swift; sourceTree = "<group>"; };
		67EFECDB26077A6000D2AEA1 /* Pros.swift */ = {isa = PBXFileReference; lastKnownFileType = sourcecode.swift; path = Pros.swift; sourceTree = "<group>"; };
		67F084E226094C22000D0793 /* StorageKeys.swift */ = {isa = PBXFileReference; lastKnownFileType = sourcecode.swift; path = StorageKeys.swift; sourceTree = "<group>"; };
		67F084E626095AB8000D0793 /* SegueKeys.swift */ = {isa = PBXFileReference; lastKnownFileType = sourcecode.swift; path = SegueKeys.swift; sourceTree = "<group>"; };
		67F8397B25DDA15C00BE6EB8 /* HomeViewController.swift */ = {isa = PBXFileReference; lastKnownFileType = sourcecode.swift; path = HomeViewController.swift; sourceTree = "<group>"; };
		844EDEE1EF9D123B23AE4FAD /* Pods_KampusChat.framework */ = {isa = PBXFileReference; explicitFileType = wrapper.framework; includeInIndex = 0; path = Pods_KampusChat.framework; sourceTree = BUILT_PRODUCTS_DIR; };
/* End PBXFileReference section */

/* Begin PBXFrameworksBuildPhase section */
		6721B73725E859ED0063DB97 /* Frameworks */ = {
			isa = PBXFrameworksBuildPhase;
			buildActionMask = 2147483647;
			files = (
			);
			runOnlyForDeploymentPostprocessing = 0;
		};
		678D1E5025D437B3001F62DC /* Frameworks */ = {
			isa = PBXFrameworksBuildPhase;
			buildActionMask = 2147483647;
			files = (
				A8BDE22FC7803FD4645B8767 /* Pods_KampusChat.framework in Frameworks */,
			);
			runOnlyForDeploymentPostprocessing = 0;
		};
		678F9B6725E81CB200F06A43 /* Frameworks */ = {
			isa = PBXFrameworksBuildPhase;
			buildActionMask = 2147483647;
			files = (
			);
			runOnlyForDeploymentPostprocessing = 0;
		};
/* End PBXFrameworksBuildPhase section */

/* Begin PBXGroup section */
		3EF1292505D5484F1D142F15 /* Frameworks */ = {
			isa = PBXGroup;
			children = (
				844EDEE1EF9D123B23AE4FAD /* Pods_KampusChat.framework */,
			);
			name = Frameworks;
			sourceTree = "<group>";
		};
		67152B1325E2BE0A002C78CD /* Model */ = {
			isa = PBXGroup;
			children = (
				67152B1B25E2CDE1002C78CD /* Token.swift */,
				673AFCF625F7A2D600995DE1 /* Signin.swift */,
				67207F8025FBA0D600BC812B /* Academic.swift */,
				671BBC7B25FBF50D00608501 /* Signup.swift */,
			);
			path = Model;
			sourceTree = "<group>";
		};
		67152B1425E2BE10002C78CD /* ViewController */ = {
			isa = PBXGroup;
			children = (
				67F8397B25DDA15C00BE6EB8 /* HomeViewController.swift */,
				67169A1725D573B600D2F340 /* SigninViewController.swift */,
				67207F8825FBB15600BC812B /* CityViewController.swift */,
				6717780126014CD900F7B8D0 /* UniversityViewController.swift */,
				671777FD2601457F00F7B8D0 /* FacultyViewController.swift */,
				67DF1AC12602B78B0045816A /* DepartmentViewController.swift */,
				67071FEC26066477005028C3 /* PasswordViewController.swift */,
				67DF1AC32602C32C0045816A /* CreateUserViewController.swift */,
			);
			path = ViewController;
			sourceTree = "<group>";
		};
		67152B1525E2BE56002C78CD /* ViewModel */ = {
			isa = PBXGroup;
			children = (
				67152B1F25E2CF9C002C78CD /* TokenViewModel.swift */,
				673AFCF825F7A31900995DE1 /* SigninViewModel.swift */,
				67207F8425FBA21800BC812B /* AcademicViewModel.swift */,
				673031DB25FC2B5900978CE4 /* SignupViewModel.swift */,
			);
			path = ViewModel;
			sourceTree = "<group>";
		};
		67169A2C25D5933100D2F340 /* Utils */ = {
			isa = PBXGroup;
			children = (
				67152B1925E2CB53002C78CD /* Storage.swift */,
				6733398D25E6CF0F002485DD /* Spinner.swift */,
				67169A2D25D5934100D2F340 /* Toast.swift */,
				67169A2F25D59A1200D2F340 /* EmailValidation.swift */,
				678F5B1F25DE8B2C003AEEF3 /* Log.swift */,
				67071FEE260666A2005028C3 /* PasswordValidation.swift */,
				67071FF026068D65005028C3 /* UsernameValidation.swift */,
			);
			path = Utils;
			sourceTree = "<group>";
		};
		6721B73B25E859ED0063DB97 /* SigninTests */ = {
			isa = PBXGroup;
			children = (
				6721B73C25E859ED0063DB97 /* SigninTests.swift */,
				6721B73E25E859ED0063DB97 /* Info.plist */,
			);
			path = SigninTests;
			sourceTree = "<group>";
		};
		673AFCFA25F7A40300995DE1 /* Service */ = {
			isa = PBXGroup;
			children = (
				673AFD0325F7AA9A00995DE1 /* ApiManager.swift */,
				67071FF6260699FA005028C3 /* SignupService.swift */,
				674E205D260D044F005D6239 /* AuthService.swift */,
			);
			path = Service;
			sourceTree = "<group>";
		};
		676E3CEC260AA4B100577D60 /* Protocol */ = {
			isa = PBXGroup;
			children = (
				674E205F260D056C005D6239 /* AuthViewModel.swift */,
			);
			path = Protocol;
			sourceTree = "<group>";
		};
		6776C54225FED8170080D505 /* Enum */ = {
			isa = PBXGroup;
			children = (
				67248BF525F909E30095F5AD /* ApiURL.swift */,
				67071FF82606A175005028C3 /* SignupResponseEnum.swift */,
				67F084E226094C22000D0793 /* StorageKeys.swift */,
				67F084E626095AB8000D0793 /* SegueKeys.swift */,
				674E205B260CFA56005D6239 /* AuthServiceKeys.swift */,
			);
			path = Enum;
			sourceTree = "<group>";
		};
		678D1E4A25D437B3001F62DC = {
			isa = PBXGroup;
			children = (
				678D1E5525D437B3001F62DC /* KampusChat */,
				6721B73B25E859ED0063DB97 /* SigninTests */,
				678D1E5425D437B3001F62DC /* Products */,
				ADF45944E176E9123A57799A /* Pods */,
				3EF1292505D5484F1D142F15 /* Frameworks */,
			);
			sourceTree = "<group>";
		};
		678D1E5425D437B3001F62DC /* Products */ = {
			isa = PBXGroup;
			children = (
				678D1E5325D437B3001F62DC /* KampusChat.app */,
				678F9B6A25E81CB200F06A43 /* SplashScreenTests.xctest */,
				6721B73A25E859ED0063DB97 /* SigninTests.xctest */,
			);
			name = Products;
			sourceTree = "<group>";
		};
		678D1E5525D437B3001F62DC /* KampusChat */ = {
			isa = PBXGroup;
			children = (
				676E3CEC260AA4B100577D60 /* Protocol */,
				67152B1425E2BE10002C78CD /* ViewController */,
				67152B1525E2BE56002C78CD /* ViewModel */,
				67152B1325E2BE0A002C78CD /* Model */,
				673AFCFA25F7A40300995DE1 /* Service */,
				67169A2C25D5933100D2F340 /* Utils */,
				6776C54225FED8170080D505 /* Enum */,
				678D1E5625D437B3001F62DC /* AppDelegate.swift */,
				678D1E5825D437B3001F62DC /* ViewController.swift */,
				678D1E5A25D437B3001F62DC /* Main.storyboard */,
				678D1E5D25D437B4001F62DC /* Assets.xcassets */,
				678D1E5F25D437B4001F62DC /* LaunchScreen.storyboard */,
				678D1E6225D437B4001F62DC /* Info.plist */,
				67000E8825D6936500616BDC /* Localizable.strings */,
				67071FF4260697D4005028C3 /* Cons.swift */,
				67EFECDB26077A6000D2AEA1 /* Pros.swift */,
			);
			path = KampusChat;
			sourceTree = "<group>";
		};
		ADF45944E176E9123A57799A /* Pods */ = {
			isa = PBXGroup;
			children = (
				2F931421364A89B9E21AC864 /* Pods-KampusChat.debug.xcconfig */,
				4DB87F055FBCA42ACF374C1F /* Pods-KampusChat.release.xcconfig */,
			);
			path = Pods;
			sourceTree = "<group>";
		};
/* End PBXGroup section */

/* Begin PBXNativeTarget section */
		6721B73925E859ED0063DB97 /* SigninTests */ = {
			isa = PBXNativeTarget;
			buildConfigurationList = 6721B74125E859ED0063DB97 /* Build configuration list for PBXNativeTarget "SigninTests" */;
			buildPhases = (
				6721B73625E859ED0063DB97 /* Sources */,
				6721B73725E859ED0063DB97 /* Frameworks */,
				6721B73825E859ED0063DB97 /* Resources */,
			);
			buildRules = (
			);
			dependencies = (
				6721B74025E859ED0063DB97 /* PBXTargetDependency */,
			);
			name = SigninTests;
			productName = SigninTests;
			productReference = 6721B73A25E859ED0063DB97 /* SigninTests.xctest */;
			productType = "com.apple.product-type.bundle.unit-test";
		};
		678D1E5225D437B3001F62DC /* KampusChat */ = {
			isa = PBXNativeTarget;
			buildConfigurationList = 678D1E6525D437B4001F62DC /* Build configuration list for PBXNativeTarget "KampusChat" */;
			buildPhases = (
				D444347C82A4CFF15069E1D2 /* [CP] Check Pods Manifest.lock */,
				678D1E4F25D437B3001F62DC /* Sources */,
				678D1E5025D437B3001F62DC /* Frameworks */,
				678D1E5125D437B3001F62DC /* Resources */,
				DBFAD821B9F969E10D88A81A /* [CP] Embed Pods Frameworks */,
			);
			buildRules = (
			);
			dependencies = (
			);
			name = KampusChat;
			productName = KampusChat;
			productReference = 678D1E5325D437B3001F62DC /* KampusChat.app */;
			productType = "com.apple.product-type.application";
		};
		678F9B6925E81CB200F06A43 /* SplashScreenTests */ = {
			isa = PBXNativeTarget;
			buildConfigurationList = 678F9B7325E81CB200F06A43 /* Build configuration list for PBXNativeTarget "SplashScreenTests" */;
			buildPhases = (
				678F9B6625E81CB200F06A43 /* Sources */,
				678F9B6725E81CB200F06A43 /* Frameworks */,
				678F9B6825E81CB200F06A43 /* Resources */,
			);
			buildRules = (
			);
			dependencies = (
				678F9B7025E81CB200F06A43 /* PBXTargetDependency */,
			);
			name = SplashScreenTests;
			productName = SplashScreenTests;
			productReference = 678F9B6A25E81CB200F06A43 /* SplashScreenTests.xctest */;
			productType = "com.apple.product-type.bundle.unit-test";
		};
/* End PBXNativeTarget section */

/* Begin PBXProject section */
		678D1E4B25D437B3001F62DC /* Project object */ = {
			isa = PBXProject;
			attributes = {
				KnownAssetTags = (
					Turkish,
				);
				LastSwiftUpdateCheck = 1010;
				LastUpgradeCheck = 1010;
				ORGANIZATIONNAME = KampusChat;
				TargetAttributes = {
					6721B73925E859ED0063DB97 = {
						CreatedOnToolsVersion = 10.1;
						TestTargetID = 678D1E5225D437B3001F62DC;
					};
					678D1E5225D437B3001F62DC = {
						CreatedOnToolsVersion = 10.1;
					};
					678F9B6925E81CB200F06A43 = {
						CreatedOnToolsVersion = 10.1;
						TestTargetID = 678D1E5225D437B3001F62DC;
					};
				};
			};
			buildConfigurationList = 678D1E4E25D437B3001F62DC /* Build configuration list for PBXProject "KampusChat" */;
			compatibilityVersion = "Xcode 9.3";
			developmentRegion = en;
			hasScannedForEncodings = 0;
			knownRegions = (
				en,
				Base,
				tr,
			);
			mainGroup = 678D1E4A25D437B3001F62DC;
			productRefGroup = 678D1E5425D437B3001F62DC /* Products */;
			projectDirPath = "";
			projectRoot = "";
			targets = (
				678D1E5225D437B3001F62DC /* KampusChat */,
				678F9B6925E81CB200F06A43 /* SplashScreenTests */,
				6721B73925E859ED0063DB97 /* SigninTests */,
			);
		};
/* End PBXProject section */

/* Begin PBXResourcesBuildPhase section */
		6721B73825E859ED0063DB97 /* Resources */ = {
			isa = PBXResourcesBuildPhase;
			buildActionMask = 2147483647;
			files = (
			);
			runOnlyForDeploymentPostprocessing = 0;
		};
		678D1E5125D437B3001F62DC /* Resources */ = {
			isa = PBXResourcesBuildPhase;
			buildActionMask = 2147483647;
			files = (
				67000E8A25D6936500616BDC /* Localizable.strings in Resources */,
				678D1E6125D437B4001F62DC /* LaunchScreen.storyboard in Resources */,
				678D1E5E25D437B4001F62DC /* Assets.xcassets in Resources */,
				678D1E5C25D437B3001F62DC /* Main.storyboard in Resources */,
			);
			runOnlyForDeploymentPostprocessing = 0;
		};
		678F9B6825E81CB200F06A43 /* Resources */ = {
			isa = PBXResourcesBuildPhase;
			buildActionMask = 2147483647;
			files = (
			);
			runOnlyForDeploymentPostprocessing = 0;
		};
/* End PBXResourcesBuildPhase section */

/* Begin PBXShellScriptBuildPhase section */
		D444347C82A4CFF15069E1D2 /* [CP] Check Pods Manifest.lock */ = {
			isa = PBXShellScriptBuildPhase;
			buildActionMask = 2147483647;
			files = (
			);
			inputFileListPaths = (
			);
			inputPaths = (
				"${PODS_PODFILE_DIR_PATH}/Podfile.lock",
				"${PODS_ROOT}/Manifest.lock",
			);
			name = "[CP] Check Pods Manifest.lock";
			outputFileListPaths = (
			);
			outputPaths = (
				"$(DERIVED_FILE_DIR)/Pods-KampusChat-checkManifestLockResult.txt",
			);
			runOnlyForDeploymentPostprocessing = 0;
			shellPath = /bin/sh;
			shellScript = "diff \"${PODS_PODFILE_DIR_PATH}/Podfile.lock\" \"${PODS_ROOT}/Manifest.lock\" > /dev/null\nif [ $? != 0 ] ; then\n    # print error to STDERR\n    echo \"error: The sandbox is not in sync with the Podfile.lock. Run 'pod install' or update your CocoaPods installation.\" >&2\n    exit 1\nfi\n# This output is used by Xcode 'outputs' to avoid re-running this script phase.\necho \"SUCCESS\" > \"${SCRIPT_OUTPUT_FILE_0}\"\n";
			showEnvVarsInLog = 0;
		};
		DBFAD821B9F969E10D88A81A /* [CP] Embed Pods Frameworks */ = {
			isa = PBXShellScriptBuildPhase;
			buildActionMask = 2147483647;
			files = (
			);
			inputFileListPaths = (
			);
			inputPaths = (
				"${PODS_ROOT}/Target Support Files/Pods-KampusChat/Pods-KampusChat-frameworks.sh",
				"${BUILT_PRODUCTS_DIR}/SwiftyJSON/SwiftyJSON.framework",
			);
			name = "[CP] Embed Pods Frameworks";
			outputFileListPaths = (
			);
			outputPaths = (
				"${TARGET_BUILD_DIR}/${FRAMEWORKS_FOLDER_PATH}/SwiftyJSON.framework",
			);
			runOnlyForDeploymentPostprocessing = 0;
			shellPath = /bin/sh;
			shellScript = "\"${PODS_ROOT}/Target Support Files/Pods-KampusChat/Pods-KampusChat-frameworks.sh\"\n";
			showEnvVarsInLog = 0;
		};
/* End PBXShellScriptBuildPhase section */

/* Begin PBXSourcesBuildPhase section */
		6721B73625E859ED0063DB97 /* Sources */ = {
			isa = PBXSourcesBuildPhase;
			buildActionMask = 2147483647;
			files = (
				6721B73D25E859ED0063DB97 /* SigninTests.swift in Sources */,
			);
			runOnlyForDeploymentPostprocessing = 0;
		};
		678D1E4F25D437B3001F62DC /* Sources */ = {
			isa = PBXSourcesBuildPhase;
			buildActionMask = 2147483647;
			files = (
				67071FF126068D65005028C3 /* UsernameValidation.swift in Sources */,
				67152B2025E2CF9C002C78CD /* TokenViewModel.swift in Sources */,
				673031DC25FC2B5900978CE4 /* SignupViewModel.swift in Sources */,
				67071FF7260699FA005028C3 /* SignupService.swift in Sources */,
				67071FED26066477005028C3 /* PasswordViewController.swift in Sources */,
				67EFECDC26077A6000D2AEA1 /* Pros.swift in Sources */,
				678F5B2025DE8B2C003AEEF3 /* Log.swift in Sources */,
				674E205E260D044F005D6239 /* AuthService.swift in Sources */,
				67DF1AC42602C32C0045816A /* CreateUserViewController.swift in Sources */,
				67169A3025D59A1200D2F340 /* EmailValidation.swift in Sources */,
				673AFCF925F7A31900995DE1 /* SigninViewModel.swift in Sources */,
				67169A2E25D5934100D2F340 /* Toast.swift in Sources */,
				67152B1A25E2CB53002C78CD /* Storage.swift in Sources */,
				6733398E25E6CF0F002485DD /* Spinner.swift in Sources */,
				67071FEF260666A2005028C3 /* PasswordValidation.swift in Sources */,
				67248BF625F909E30095F5AD /* ApiURL.swift in Sources */,
				67F8397C25DDA15C00BE6EB8 /* HomeViewController.swift in Sources */,
				67DF1AC22602B78B0045816A /* DepartmentViewController.swift in Sources */,
				67207F8525FBA21800BC812B /* AcademicViewModel.swift in Sources */,
				678D1E5925D437B3001F62DC /* ViewController.swift in Sources */,
				671BBC7C25FBF50D00608501 /* Signup.swift in Sources */,
				673AFD0425F7AA9A00995DE1 /* ApiManager.swift in Sources */,
				674E205C260CFA56005D6239 /* AuthServiceKeys.swift in Sources */,
				6717780226014CD900F7B8D0 /* UniversityViewController.swift in Sources */,
				67F084E726095AB8000D0793 /* SegueKeys.swift in Sources */,
				67071FF92606A175005028C3 /* SignupResponseEnum.swift in Sources */,
				674E2060260D056C005D6239 /* AuthViewModel.swift in Sources */,
				678D1E5725D437B3001F62DC /* AppDelegate.swift in Sources */,
				67152B1C25E2CDE1002C78CD /* Token.swift in Sources */,
				67207F8925FBB15600BC812B /* CityViewController.swift in Sources */,
				67071FF5260697D4005028C3 /* Cons.swift in Sources */,
				67169A1825D573B600D2F340 /* SigninViewController.swift in Sources */,
				67207F8125FBA0D600BC812B /* Academic.swift in Sources */,
				67F084E326094C22000D0793 /* StorageKeys.swift in Sources */,
				673AFCF725F7A2D600995DE1 /* Signin.swift in Sources */,
				671777FE2601457F00F7B8D0 /* FacultyViewController.swift in Sources */,
			);
			runOnlyForDeploymentPostprocessing = 0;
		};
		678F9B6625E81CB200F06A43 /* Sources */ = {
			isa = PBXSourcesBuildPhase;
			buildActionMask = 2147483647;
			files = (
			);
			runOnlyForDeploymentPostprocessing = 0;
		};
/* End PBXSourcesBuildPhase section */

/* Begin PBXTargetDependency section */
		6721B74025E859ED0063DB97 /* PBXTargetDependency */ = {
			isa = PBXTargetDependency;
			target = 678D1E5225D437B3001F62DC /* KampusChat */;
			targetProxy = 6721B73F25E859ED0063DB97 /* PBXContainerItemProxy */;
		};
		678F9B7025E81CB200F06A43 /* PBXTargetDependency */ = {
			isa = PBXTargetDependency;
			target = 678D1E5225D437B3001F62DC /* KampusChat */;
			targetProxy = 678F9B6F25E81CB200F06A43 /* PBXContainerItemProxy */;
		};
/* End PBXTargetDependency section */

/* Begin PBXVariantGroup section */
		67000E8825D6936500616BDC /* Localizable.strings */ = {
			isa = PBXVariantGroup;
			children = (
				67000E8925D6936500616BDC /* Base */,
				67000E8B25D6938D00616BDC /* tr */,
			);
			name = Localizable.strings;
			sourceTree = "<group>";
		};
		678D1E5A25D437B3001F62DC /* Main.storyboard */ = {
			isa = PBXVariantGroup;
			children = (
				678D1E5B25D437B3001F62DC /* Base */,
				67169A2325D5863B00D2F340 /* tr */,
			);
			name = Main.storyboard;
			sourceTree = "<group>";
		};
		678D1E5F25D437B4001F62DC /* LaunchScreen.storyboard */ = {
			isa = PBXVariantGroup;
			children = (
				678D1E6025D437B4001F62DC /* Base */,
				678D1E8F25D44C61001F62DC /* tr */,
			);
			name = LaunchScreen.storyboard;
			sourceTree = "<group>";
		};
/* End PBXVariantGroup section */

/* Begin XCBuildConfiguration section */
		6721B74225E859ED0063DB97 /* Debug */ = {
			isa = XCBuildConfiguration;
			buildSettings = {
				BUNDLE_LOADER = "$(TEST_HOST)";
				CODE_SIGN_STYLE = Automatic;
				DEVELOPMENT_TEAM = 8V322885PV;
				INFOPLIST_FILE = SigninTests/Info.plist;
				LD_RUNPATH_SEARCH_PATHS = (
					"$(inherited)",
					"@executable_path/Frameworks",
					"@loader_path/Frameworks",
				);
				PRODUCT_BUNDLE_IDENTIFIER = kampuschat.SigninTests;
				PRODUCT_NAME = "$(TARGET_NAME)";
				SWIFT_VERSION = 4.2;
				TARGETED_DEVICE_FAMILY = "1,2";
				TEST_HOST = "$(BUILT_PRODUCTS_DIR)/KampusChat.app/KampusChat";
			};
			name = Debug;
		};
		6721B74325E859ED0063DB97 /* Release */ = {
			isa = XCBuildConfiguration;
			buildSettings = {
				BUNDLE_LOADER = "$(TEST_HOST)";
				CODE_SIGN_STYLE = Automatic;
				DEVELOPMENT_TEAM = 8V322885PV;
				INFOPLIST_FILE = SigninTests/Info.plist;
				LD_RUNPATH_SEARCH_PATHS = (
					"$(inherited)",
					"@executable_path/Frameworks",
					"@loader_path/Frameworks",
				);
				PRODUCT_BUNDLE_IDENTIFIER = kampuschat.SigninTests;
				PRODUCT_NAME = "$(TARGET_NAME)";
				SWIFT_VERSION = 4.2;
				TARGETED_DEVICE_FAMILY = "1,2";
				TEST_HOST = "$(BUILT_PRODUCTS_DIR)/KampusChat.app/KampusChat";
			};
			name = Release;
		};
		678D1E6325D437B4001F62DC /* Debug */ = {
			isa = XCBuildConfiguration;
			buildSettings = {
				ALWAYS_SEARCH_USER_PATHS = NO;
				CLANG_ANALYZER_LOCALIZABILITY_NONLOCALIZED = YES;
				CLANG_ANALYZER_NONNULL = YES;
				CLANG_ANALYZER_NUMBER_OBJECT_CONVERSION = YES_AGGRESSIVE;
				CLANG_CXX_LANGUAGE_STANDARD = "gnu++14";
				CLANG_CXX_LIBRARY = "libc++";
				CLANG_ENABLE_MODULES = YES;
				CLANG_ENABLE_OBJC_ARC = YES;
				CLANG_ENABLE_OBJC_WEAK = YES;
				CLANG_WARN_BLOCK_CAPTURE_AUTORELEASING = YES;
				CLANG_WARN_BOOL_CONVERSION = YES;
				CLANG_WARN_COMMA = YES;
				CLANG_WARN_CONSTANT_CONVERSION = YES;
				CLANG_WARN_DEPRECATED_OBJC_IMPLEMENTATIONS = YES;
				CLANG_WARN_DIRECT_OBJC_ISA_USAGE = YES_ERROR;
				CLANG_WARN_DOCUMENTATION_COMMENTS = YES;
				CLANG_WARN_EMPTY_BODY = YES;
				CLANG_WARN_ENUM_CONVERSION = YES;
				CLANG_WARN_INFINITE_RECURSION = YES;
				CLANG_WARN_INT_CONVERSION = YES;
				CLANG_WARN_NON_LITERAL_NULL_CONVERSION = YES;
				CLANG_WARN_OBJC_IMPLICIT_RETAIN_SELF = YES;
				CLANG_WARN_OBJC_LITERAL_CONVERSION = YES;
				CLANG_WARN_OBJC_ROOT_CLASS = YES_ERROR;
				CLANG_WARN_RANGE_LOOP_ANALYSIS = YES;
				CLANG_WARN_STRICT_PROTOTYPES = YES;
				CLANG_WARN_SUSPICIOUS_MOVE = YES;
				CLANG_WARN_UNGUARDED_AVAILABILITY = YES_AGGRESSIVE;
				CLANG_WARN_UNREACHABLE_CODE = YES;
				CLANG_WARN__DUPLICATE_METHOD_MATCH = YES;
				CODE_SIGN_IDENTITY = "iPhone Developer";
				COPY_PHASE_STRIP = NO;
				DEBUG_INFORMATION_FORMAT = dwarf;
				ENABLE_STRICT_OBJC_MSGSEND = YES;
				ENABLE_TESTABILITY = YES;
				GCC_C_LANGUAGE_STANDARD = gnu11;
				GCC_DYNAMIC_NO_PIC = NO;
				GCC_NO_COMMON_BLOCKS = YES;
				GCC_OPTIMIZATION_LEVEL = 0;
				GCC_PREPROCESSOR_DEFINITIONS = (
					"DEBUG=1",
					"$(inherited)",
				);
				GCC_WARN_64_TO_32_BIT_CONVERSION = YES;
				GCC_WARN_ABOUT_RETURN_TYPE = YES_ERROR;
				GCC_WARN_UNDECLARED_SELECTOR = YES;
				GCC_WARN_UNINITIALIZED_AUTOS = YES_AGGRESSIVE;
				GCC_WARN_UNUSED_FUNCTION = YES;
				GCC_WARN_UNUSED_VARIABLE = YES;
				IPHONEOS_DEPLOYMENT_TARGET = 12.1;
				MTL_ENABLE_DEBUG_INFO = INCLUDE_SOURCE;
				MTL_FAST_MATH = YES;
				ONLY_ACTIVE_ARCH = YES;
				SDKROOT = iphoneos;
				SWIFT_ACTIVE_COMPILATION_CONDITIONS = DEBUG;
				SWIFT_OPTIMIZATION_LEVEL = "-Onone";
			};
			name = Debug;
		};
		678D1E6425D437B4001F62DC /* Release */ = {
			isa = XCBuildConfiguration;
			buildSettings = {
				ALWAYS_SEARCH_USER_PATHS = NO;
				CLANG_ANALYZER_LOCALIZABILITY_NONLOCALIZED = YES;
				CLANG_ANALYZER_NONNULL = YES;
				CLANG_ANALYZER_NUMBER_OBJECT_CONVERSION = YES_AGGRESSIVE;
				CLANG_CXX_LANGUAGE_STANDARD = "gnu++14";
				CLANG_CXX_LIBRARY = "libc++";
				CLANG_ENABLE_MODULES = YES;
				CLANG_ENABLE_OBJC_ARC = YES;
				CLANG_ENABLE_OBJC_WEAK = YES;
				CLANG_WARN_BLOCK_CAPTURE_AUTORELEASING = YES;
				CLANG_WARN_BOOL_CONVERSION = YES;
				CLANG_WARN_COMMA = YES;
				CLANG_WARN_CONSTANT_CONVERSION = YES;
				CLANG_WARN_DEPRECATED_OBJC_IMPLEMENTATIONS = YES;
				CLANG_WARN_DIRECT_OBJC_ISA_USAGE = YES_ERROR;
				CLANG_WARN_DOCUMENTATION_COMMENTS = YES;
				CLANG_WARN_EMPTY_BODY = YES;
				CLANG_WARN_ENUM_CONVERSION = YES;
				CLANG_WARN_INFINITE_RECURSION = YES;
				CLANG_WARN_INT_CONVERSION = YES;
				CLANG_WARN_NON_LITERAL_NULL_CONVERSION = YES;
				CLANG_WARN_OBJC_IMPLICIT_RETAIN_SELF = YES;
				CLANG_WARN_OBJC_LITERAL_CONVERSION = YES;
				CLANG_WARN_OBJC_ROOT_CLASS = YES_ERROR;
				CLANG_WARN_RANGE_LOOP_ANALYSIS = YES;
				CLANG_WARN_STRICT_PROTOTYPES = YES;
				CLANG_WARN_SUSPICIOUS_MOVE = YES;
				CLANG_WARN_UNGUARDED_AVAILABILITY = YES_AGGRESSIVE;
				CLANG_WARN_UNREACHABLE_CODE = YES;
				CLANG_WARN__DUPLICATE_METHOD_MATCH = YES;
				CODE_SIGN_IDENTITY = "iPhone Developer";
				COPY_PHASE_STRIP = NO;
				DEBUG_INFORMATION_FORMAT = "dwarf-with-dsym";
				ENABLE_NS_ASSERTIONS = NO;
				ENABLE_STRICT_OBJC_MSGSEND = YES;
				GCC_C_LANGUAGE_STANDARD = gnu11;
				GCC_NO_COMMON_BLOCKS = YES;
				GCC_WARN_64_TO_32_BIT_CONVERSION = YES;
				GCC_WARN_ABOUT_RETURN_TYPE = YES_ERROR;
				GCC_WARN_UNDECLARED_SELECTOR = YES;
				GCC_WARN_UNINITIALIZED_AUTOS = YES_AGGRESSIVE;
				GCC_WARN_UNUSED_FUNCTION = YES;
				GCC_WARN_UNUSED_VARIABLE = YES;
				IPHONEOS_DEPLOYMENT_TARGET = 12.1;
				MTL_ENABLE_DEBUG_INFO = NO;
				MTL_FAST_MATH = YES;
				SDKROOT = iphoneos;
				SWIFT_COMPILATION_MODE = wholemodule;
				SWIFT_OPTIMIZATION_LEVEL = "-O";
				VALIDATE_PRODUCT = YES;
			};
			name = Release;
		};
		678D1E6625D437B4001F62DC /* Debug */ = {
			isa = XCBuildConfiguration;
			baseConfigurationReference = 2F931421364A89B9E21AC864 /* Pods-KampusChat.debug.xcconfig */;
			buildSettings = {
				ASSETCATALOG_COMPILER_APPICON_NAME = AppIcon;
				CODE_SIGN_STYLE = Automatic;
				DEVELOPMENT_TEAM = 8V322885PV;
				INFOPLIST_FILE = KampusChat/Info.plist;
				LD_RUNPATH_SEARCH_PATHS = (
					"$(inherited)",
					"@executable_path/Frameworks",
				);
				PRODUCT_BUNDLE_IDENTIFIER = kampuschat.KampusChat;
				PRODUCT_NAME = "$(TARGET_NAME)";
				SWIFT_VERSION = 4.2;
				TARGETED_DEVICE_FAMILY = "1,2";
			};
			name = Debug;
		};
		678D1E6725D437B4001F62DC /* Release */ = {
			isa = XCBuildConfiguration;
			baseConfigurationReference = 4DB87F055FBCA42ACF374C1F /* Pods-KampusChat.release.xcconfig */;
			buildSettings = {
				ASSETCATALOG_COMPILER_APPICON_NAME = AppIcon;
				CODE_SIGN_STYLE = Automatic;
				DEVELOPMENT_TEAM = 8V322885PV;
				INFOPLIST_FILE = KampusChat/Info.plist;
				LD_RUNPATH_SEARCH_PATHS = (
					"$(inherited)",
					"@executable_path/Frameworks",
				);
				PRODUCT_BUNDLE_IDENTIFIER = kampuschat.KampusChat;
				PRODUCT_NAME = "$(TARGET_NAME)";
				SWIFT_VERSION = 4.2;
				TARGETED_DEVICE_FAMILY = "1,2";
			};
			name = Release;
		};
		678F9B7125E81CB200F06A43 /* Debug */ = {
			isa = XCBuildConfiguration;
			buildSettings = {
				BUNDLE_LOADER = "$(TEST_HOST)";
				CODE_SIGN_STYLE = Automatic;
				DEVELOPMENT_TEAM = 8V322885PV;
				INFOPLIST_FILE = SplashScreenTests/Info.plist;
				LD_RUNPATH_SEARCH_PATHS = (
					"$(inherited)",
					"@executable_path/Frameworks",
					"@loader_path/Frameworks",
				);
				PRODUCT_BUNDLE_IDENTIFIER = kampuschat.SplashScreenTests;
				PRODUCT_NAME = "$(TARGET_NAME)";
				SWIFT_VERSION = 4.2;
				TARGETED_DEVICE_FAMILY = "1,2";
				TEST_HOST = "$(BUILT_PRODUCTS_DIR)/KampusChat.app/KampusChat";
			};
			name = Debug;
		};
		678F9B7225E81CB200F06A43 /* Release */ = {
			isa = XCBuildConfiguration;
			buildSettings = {
				BUNDLE_LOADER = "$(TEST_HOST)";
				CODE_SIGN_STYLE = Automatic;
				DEVELOPMENT_TEAM = 8V322885PV;
				INFOPLIST_FILE = SplashScreenTests/Info.plist;
				LD_RUNPATH_SEARCH_PATHS = (
					"$(inherited)",
					"@executable_path/Frameworks",
					"@loader_path/Frameworks",
				);
				PRODUCT_BUNDLE_IDENTIFIER = kampuschat.SplashScreenTests;
				PRODUCT_NAME = "$(TARGET_NAME)";
				SWIFT_VERSION = 4.2;
				TARGETED_DEVICE_FAMILY = "1,2";
				TEST_HOST = "$(BUILT_PRODUCTS_DIR)/KampusChat.app/KampusChat";
			};
			name = Release;
		};
/* End XCBuildConfiguration section */

/* Begin XCConfigurationList section */
		6721B74125E859ED0063DB97 /* Build configuration list for PBXNativeTarget "SigninTests" */ = {
			isa = XCConfigurationList;
			buildConfigurations = (
				6721B74225E859ED0063DB97 /* Debug */,
				6721B74325E859ED0063DB97 /* Release */,
			);
			defaultConfigurationIsVisible = 0;
			defaultConfigurationName = Release;
		};
		678D1E4E25D437B3001F62DC /* Build configuration list for PBXProject "KampusChat" */ = {
			isa = XCConfigurationList;
			buildConfigurations = (
				678D1E6325D437B4001F62DC /* Debug */,
				678D1E6425D437B4001F62DC /* Release */,
			);
			defaultConfigurationIsVisible = 0;
			defaultConfigurationName = Release;
		};
		678D1E6525D437B4001F62DC /* Build configuration list for PBXNativeTarget "KampusChat" */ = {
			isa = XCConfigurationList;
			buildConfigurations = (
				678D1E6625D437B4001F62DC /* Debug */,
				678D1E6725D437B4001F62DC /* Release */,
			);
			defaultConfigurationIsVisible = 0;
			defaultConfigurationName = Release;
		};
		678F9B7325E81CB200F06A43 /* Build configuration list for PBXNativeTarget "SplashScreenTests" */ = {
			isa = XCConfigurationList;
			buildConfigurations = (
				678F9B7125E81CB200F06A43 /* Debug */,
				678F9B7225E81CB200F06A43 /* Release */,
			);
			defaultConfigurationIsVisible = 0;
			defaultConfigurationName = Release;
		};
/* End XCConfigurationList section */
	};
	rootObject = 678D1E4B25D437B3001F62DC /* Project object */;
}
